
Microsoft Visual Studio Solution File, Format Version 12.00
# Visual Studio Version 17
VisualStudioVersion = 17.4.33213.308
MinimumVisualStudioVersion = 10.0.40219.1
Project("{FAE04EC0-301F-11D3-BF4B-00C04F79EFBC}") = "InputOutputStreams", "InputOutputStreams\InputOutputStreams.csproj", "{0D76661E-A5C8-4547-B896-825A7C74AAF9}"
EndProject
Project("{FAE04EC0-301F-11D3-BF4B-00C04F79EFBC}") = "InputOutStreams.Tests", "InputOutStreams.Tests\InputOutStreams.Tests.csproj", "{8120281F-AD75-40D9-BFCA-37578F2D665C}"
EndProject
Project("{FAE04EC0-301F-11D3-BF4B-00C04F79EFBC}") = "InputOutputTools", "InputOutputTools\InputOutputTools.csproj", "{F4588F61-1D6A-409A-B2F1-FA53554053C6}"
EndProject
Project("{FAE04EC0-301F-11D3-BF4B-00C04F79EFBC}") = "FileTransfer", "FileTransfer\FileTransfer.csproj", "{7AD61208-BB57-4440-A65F-1380D870C590}"
EndProject
Global
	GlobalSection(SolutionConfigurationPlatforms) = preSolution
		Debug|Any CPU = Debug|Any CPU
		Release|Any CPU = Release|Any CPU
	EndGlobalSection
	GlobalSection(ProjectConfigurationPlatforms) = postSolution
		{0D76661E-A5C8-4547-B896-825A7C74AAF9}.Debug|Any CPU.ActiveCfg = Debug|Any CPU
		{0D76661E-A5C8-4547-B896-825A7C74AAF9}.Debug|Any CPU.Build.0 = Debug|Any CPU
		{0D76661E-A5C8-4547-B896-825A7C74AAF9}.Release|Any CPU.ActiveCfg = Release|Any CPU
		{0D76661E-A5C8-4547-B896-825A7C74AAF9}.Release|Any CPU.Build.0 = Release|Any CPU
		{8120281F-AD75-40D9-BFCA-37578F2D665C}.Debug|Any CPU.ActiveCfg = Debug|Any CPU
		{8120281F-AD75-40D9-BFCA-37578F2D665C}.Debug|Any CPU.Build.0 = Debug|Any CPU
		{8120281F-AD75-40D9-BFCA-37578F2D665C}.Release|Any CPU.ActiveCfg = Release|Any CPU
		{8120281F-AD75-40D9-BFCA-37578F2D665C}.Release|Any CPU.Build.0 = Release|Any CPU
		{F4588F61-1D6A-409A-B2F1-FA53554053C6}.Debug|Any CPU.ActiveCfg = Debug|Any CPU
		{F4588F61-1D6A-409A-B2F1-FA53554053C6}.Debug|Any CPU.Build.0 = Debug|Any CPU
		{F4588F61-1D6A-409A-B2F1-FA53554053C6}.Release|Any CPU.ActiveCfg = Release|Any CPU
		{F4588F61-1D6A-409A-B2F1-FA53554053C6}.Release|Any CPU.Build.0 = Release|Any CPU
		{7AD61208-BB57-4440-A65F-1380D870C590}.Debug|Any CPU.ActiveCfg = Debug|Any CPU
		{7AD61208-BB57-4440-A65F-1380D870C590}.Debug|Any CPU.Build.0 = Debug|Any CPU
		{7AD61208-BB57-4440-A65F-1380D870C590}.Release|Any CPU.ActiveCfg = Release|Any CPU
		{7AD61208-BB57-4440-A65F-1380D870C590}.Release|Any CPU.Build.0 = Release|Any CPU
	EndGlobalSection
	GlobalSection(SolutionProperties) = preSolution
		HideSolutionNode = FALSE
	EndGlobalSection
	GlobalSection(ExtensibilityGlobals) = postSolution
		SolutionGuid = {E9C30412-4F70-4E1B-90F6-D977604F554D}
	EndGlobalSection
EndGlobal
