
Microsoft Visual Studio Solution File, Format Version 12.00
# Visual Studio Version 17
VisualStudioVersion = 17.4.33213.308
MinimumVisualStudioVersion = 10.0.40219.1
Project("{FAE04EC0-301F-11D3-BF4B-00C04F79EFBC}") = "DatabaseConnectivity.ConApp", "DatabaseConnectivity.ConApp\DatabaseConnectivity.ConApp.csproj", "{A4518406-EA20-4076-A9DC-F569019ED73F}"
EndProject
Project("{FAE04EC0-301F-11D3-BF4B-00C04F79EFBC}") = "DatabaseConnectivity.FormsApp", "DatabaseConnectivity.FormsApp\DatabaseConnectivity.FormsApp.csproj", "{4011C0B9-CA19-47F5-A18A-BB40B2368F55}"
EndProject
Project("{FAE04EC0-301F-11D3-BF4B-00C04F79EFBC}") = "DatabaseConnectivity.Library", "DatabaseConnectivity.Library\DatabaseConnectivity.Library.csproj", "{977C5108-5C9D-471B-8B1E-154270F6348E}"
EndProject
Global
	GlobalSection(SolutionConfigurationPlatforms) = preSolution
		Debug|Any CPU = Debug|Any CPU
		Release|Any CPU = Release|Any CPU
	EndGlobalSection
	GlobalSection(ProjectConfigurationPlatforms) = postSolution
		{A4518406-EA20-4076-A9DC-F569019ED73F}.Debug|Any CPU.ActiveCfg = Debug|Any CPU
		{A4518406-EA20-4076-A9DC-F569019ED73F}.Debug|Any CPU.Build.0 = Debug|Any CPU
		{A4518406-EA20-4076-A9DC-F569019ED73F}.Release|Any CPU.ActiveCfg = Release|Any CPU
		{A4518406-EA20-4076-A9DC-F569019ED73F}.Release|Any CPU.Build.0 = Release|Any CPU
		{4011C0B9-CA19-47F5-A18A-BB40B2368F55}.Debug|Any CPU.ActiveCfg = Debug|Any CPU
		{4011C0B9-CA19-47F5-A18A-BB40B2368F55}.Debug|Any CPU.Build.0 = Debug|Any CPU
		{4011C0B9-CA19-47F5-A18A-BB40B2368F55}.Release|Any CPU.ActiveCfg = Release|Any CPU
		{4011C0B9-CA19-47F5-A18A-BB40B2368F55}.Release|Any CPU.Build.0 = Release|Any CPU
		{977C5108-5C9D-471B-8B1E-154270F6348E}.Debug|Any CPU.ActiveCfg = Debug|Any CPU
		{977C5108-5C9D-471B-8B1E-154270F6348E}.Debug|Any CPU.Build.0 = Debug|Any CPU
		{977C5108-5C9D-471B-8B1E-154270F6348E}.Release|Any CPU.ActiveCfg = Release|Any CPU
		{977C5108-5C9D-471B-8B1E-154270F6348E}.Release|Any CPU.Build.0 = Release|Any CPU
	EndGlobalSection
	GlobalSection(SolutionProperties) = preSolution
		HideSolutionNode = FALSE
	EndGlobalSection
	GlobalSection(ExtensibilityGlobals) = postSolution
		SolutionGuid = {B7F02866-7C29-4CDE-8857-1A5FC018796B}
	EndGlobalSection
EndGlobal
