
Microsoft Visual Studio Solution File, Format Version 12.00
# Visual Studio Version 17
VisualStudioVersion = 17.5.33530.505
MinimumVisualStudioVersion = 10.0.40219.1
Project("{9A19103F-16F7-4668-BE54-9A1E7A4F7556}") = "NugetPackages", "NugetPackages\NugetPackages.csproj", "{AE5B4AFA-7589-465A-8B51-CBAD55F0DD0B}"
EndProject
Project("{FAE04EC0-301F-11D3-BF4B-00C04F79EFBC}") = "ConnectionServices", "ConnectionServices\ConnectionServices.csproj", "{B0697C89-E4E0-4F54-828D-DC5CDB50321D}"
EndProject
Global
	GlobalSection(SolutionConfigurationPlatforms) = preSolution
		Debug|Any CPU = Debug|Any CPU
		Release|Any CPU = Release|Any CPU
	EndGlobalSection
	GlobalSection(ProjectConfigurationPlatforms) = postSolution
		{AE5B4AFA-7589-465A-8B51-CBAD55F0DD0B}.Debug|Any CPU.ActiveCfg = Debug|Any CPU
		{AE5B4AFA-7589-465A-8B51-CBAD55F0DD0B}.Debug|Any CPU.Build.0 = Debug|Any CPU
		{AE5B4AFA-7589-465A-8B51-CBAD55F0DD0B}.Release|Any CPU.ActiveCfg = Release|Any CPU
		{AE5B4AFA-7589-465A-8B51-CBAD55F0DD0B}.Release|Any CPU.Build.0 = Release|Any CPU
		{B0697C89-E4E0-4F54-828D-DC5CDB50321D}.Debug|Any CPU.ActiveCfg = Debug|Any CPU
		{B0697C89-E4E0-4F54-828D-DC5CDB50321D}.Debug|Any CPU.Build.0 = Debug|Any CPU
		{B0697C89-E4E0-4F54-828D-DC5CDB50321D}.Release|Any CPU.ActiveCfg = Release|Any CPU
		{B0697C89-E4E0-4F54-828D-DC5CDB50321D}.Release|Any CPU.Build.0 = Release|Any CPU
	EndGlobalSection
	GlobalSection(SolutionProperties) = preSolution
		HideSolutionNode = FALSE
	EndGlobalSection
	GlobalSection(ExtensibilityGlobals) = postSolution
		SolutionGuid = {966879A7-F730-42E8-A9FB-BE9A39CBC1B1}
	EndGlobalSection
EndGlobal
