
Microsoft Visual Studio Solution File, Format Version 12.00
# Visual Studio Version 17
VisualStudioVersion = 17.5.33530.505
MinimumVisualStudioVersion = 10.0.40219.1
Project("{FAE04EC0-301F-11D3-BF4B-00C04F79EFBC}") = "ClientApp", "ClientApp\ClientApp.csproj", "{04BF4947-0E8C-44AC-8D1C-CCBC321B7530}"
EndProject
Global
	GlobalSection(SolutionConfigurationPlatforms) = preSolution
		Debug|Any CPU = Debug|Any CPU
		Release|Any CPU = Release|Any CPU
	EndGlobalSection
	GlobalSection(ProjectConfigurationPlatforms) = postSolution
		{04BF4947-0E8C-44AC-8D1C-CCBC321B7530}.Debug|Any CPU.ActiveCfg = Debug|Any CPU
		{04BF4947-0E8C-44AC-8D1C-CCBC321B7530}.Debug|Any CPU.Build.0 = Debug|Any CPU
		{04BF4947-0E8C-44AC-8D1C-CCBC321B7530}.Release|Any CPU.ActiveCfg = Release|Any CPU
		{04BF4947-0E8C-44AC-8D1C-CCBC321B7530}.Release|Any CPU.Build.0 = Release|Any CPU
	EndGlobalSection
	GlobalSection(SolutionProperties) = preSolution
		HideSolutionNode = FALSE
	EndGlobalSection
	GlobalSection(ExtensibilityGlobals) = postSolution
		SolutionGuid = {9A3251C6-BB88-4862-86DE-5BB90B557543}
	EndGlobalSection
EndGlobal
