
Microsoft Visual Studio Solution File, Format Version 12.00
# Visual Studio Version 17
VisualStudioVersion = 17.4.33213.308
MinimumVisualStudioVersion = 10.0.40219.1
Project("{FAE04EC0-301F-11D3-BF4B-00C04F79EFBC}") = "ClientApp", "ClientApp\ClientApp.csproj", "{16D5E1CA-5A13-4BE3-B42C-26A6E7335978}"
EndProject
Global
	GlobalSection(SolutionConfigurationPlatforms) = preSolution
		Debug|Any CPU = Debug|Any CPU
		Release|Any CPU = Release|Any CPU
	EndGlobalSection
	GlobalSection(ProjectConfigurationPlatforms) = postSolution
		{16D5E1CA-5A13-4BE3-B42C-26A6E7335978}.Debug|Any CPU.ActiveCfg = Debug|Any CPU
		{16D5E1CA-5A13-4BE3-B42C-26A6E7335978}.Debug|Any CPU.Build.0 = Debug|Any CPU
		{16D5E1CA-5A13-4BE3-B42C-26A6E7335978}.Release|Any CPU.ActiveCfg = Release|Any CPU
		{16D5E1CA-5A13-4BE3-B42C-26A6E7335978}.Release|Any CPU.Build.0 = Release|Any CPU
	EndGlobalSection
	GlobalSection(SolutionProperties) = preSolution
		HideSolutionNode = FALSE
	EndGlobalSection
	GlobalSection(ExtensibilityGlobals) = postSolution
		SolutionGuid = {DBAF8A5F-23CA-4B5A-930C-FCE3C563BC56}
	EndGlobalSection
EndGlobal
