
Microsoft Visual Studio Solution File, Format Version 12.00
# Visual Studio Version 17
VisualStudioVersion = 17.4.33213.308
MinimumVisualStudioVersion = 10.0.40219.1
Project("{FAE04EC0-301F-11D3-BF4B-00C04F79EFBC}") = "ExceptionHandling", "ExceptionHandling\ExceptionHandling.csproj", "{762D9DF1-8792-44EF-93A4-F7122695A40D}"
EndProject
Global
	GlobalSection(SolutionConfigurationPlatforms) = preSolution
		Debug|Any CPU = Debug|Any CPU
		Release|Any CPU = Release|Any CPU
	EndGlobalSection
	GlobalSection(ProjectConfigurationPlatforms) = postSolution
		{762D9DF1-8792-44EF-93A4-F7122695A40D}.Debug|Any CPU.ActiveCfg = Debug|Any CPU
		{762D9DF1-8792-44EF-93A4-F7122695A40D}.Debug|Any CPU.Build.0 = Debug|Any CPU
		{762D9DF1-8792-44EF-93A4-F7122695A40D}.Release|Any CPU.ActiveCfg = Release|Any CPU
		{762D9DF1-8792-44EF-93A4-F7122695A40D}.Release|Any CPU.Build.0 = Release|Any CPU
	EndGlobalSection
	GlobalSection(SolutionProperties) = preSolution
		HideSolutionNode = FALSE
	EndGlobalSection
	GlobalSection(ExtensibilityGlobals) = postSolution
		SolutionGuid = {B0436580-1465-4A4C-A070-A12D62216B2A}
	EndGlobalSection
EndGlobal
