
Microsoft Visual Studio Solution File, Format Version 12.00
# Visual Studio Version 17
VisualStudioVersion = 17.3.32929.385
MinimumVisualStudioVersion = 10.0.40219.1
Project("{9A19103F-16F7-4668-BE54-9A1E7A4F7556}") = "DataTypesAndVariables", "DataTypesAndVariables\DataTypesAndVariables.csproj", "{7B8F8741-E02D-417E-9870-34BAEEFAA8D6}"
EndProject
Project("{FAE04EC0-301F-11D3-BF4B-00C04F79EFBC}") = "typeConversions", "typeConversions\typeConversions.csproj", "{69225D1E-1EE7-454B-8AF3-5993D5CA55D3}"
EndProject
Project("{FAE04EC0-301F-11D3-BF4B-00C04F79EFBC}") = "ValuesAndRefrenceTypes", "ValuesAndRefrenceTypes\ValuesAndRefrenceTypes.csproj", "{92CFDB3D-9C51-4CE2-A730-B3EA9E47B84E}"
EndProject
Global
	GlobalSection(SolutionConfigurationPlatforms) = preSolution
		Debug|Any CPU = Debug|Any CPU
		Release|Any CPU = Release|Any CPU
	EndGlobalSection
	GlobalSection(ProjectConfigurationPlatforms) = postSolution
		{7B8F8741-E02D-417E-9870-34BAEEFAA8D6}.Debug|Any CPU.ActiveCfg = Debug|Any CPU
		{7B8F8741-E02D-417E-9870-34BAEEFAA8D6}.Debug|Any CPU.Build.0 = Debug|Any CPU
		{7B8F8741-E02D-417E-9870-34BAEEFAA8D6}.Release|Any CPU.ActiveCfg = Release|Any CPU
		{7B8F8741-E02D-417E-9870-34BAEEFAA8D6}.Release|Any CPU.Build.0 = Release|Any CPU
		{69225D1E-1EE7-454B-8AF3-5993D5CA55D3}.Debug|Any CPU.ActiveCfg = Debug|Any CPU
		{69225D1E-1EE7-454B-8AF3-5993D5CA55D3}.Debug|Any CPU.Build.0 = Debug|Any CPU
		{69225D1E-1EE7-454B-8AF3-5993D5CA55D3}.Release|Any CPU.ActiveCfg = Release|Any CPU
		{69225D1E-1EE7-454B-8AF3-5993D5CA55D3}.Release|Any CPU.Build.0 = Release|Any CPU
		{92CFDB3D-9C51-4CE2-A730-B3EA9E47B84E}.Debug|Any CPU.ActiveCfg = Debug|Any CPU
		{92CFDB3D-9C51-4CE2-A730-B3EA9E47B84E}.Debug|Any CPU.Build.0 = Debug|Any CPU
		{92CFDB3D-9C51-4CE2-A730-B3EA9E47B84E}.Release|Any CPU.ActiveCfg = Release|Any CPU
		{92CFDB3D-9C51-4CE2-A730-B3EA9E47B84E}.Release|Any CPU.Build.0 = Release|Any CPU
	EndGlobalSection
	GlobalSection(SolutionProperties) = preSolution
		HideSolutionNode = FALSE
	EndGlobalSection
	GlobalSection(ExtensibilityGlobals) = postSolution
		SolutionGuid = {EBFBAEF1-5760-4AAC-857A-741CBE6D68CE}
	EndGlobalSection
EndGlobal
