
Microsoft Visual Studio Solution File, Format Version 12.00
# Visual Studio Version 17
VisualStudioVersion = 17.5.33530.505
MinimumVisualStudioVersion = 10.0.40219.1
Project("{FAE04EC0-301F-11D3-BF4B-00C04F79EFBC}") = "PredefinedInterfaces", "PredefinedInterfaces\PredefinedInterfaces.csproj", "{C37B0E7D-B41D-4F0B-974B-ED043D6DB849}"
EndProject
Global
	GlobalSection(SolutionConfigurationPlatforms) = preSolution
		Debug|Any CPU = Debug|Any CPU
		Release|Any CPU = Release|Any CPU
	EndGlobalSection
	GlobalSection(ProjectConfigurationPlatforms) = postSolution
		{C37B0E7D-B41D-4F0B-974B-ED043D6DB849}.Debug|Any CPU.ActiveCfg = Debug|Any CPU
		{C37B0E7D-B41D-4F0B-974B-ED043D6DB849}.Debug|Any CPU.Build.0 = Debug|Any CPU
		{C37B0E7D-B41D-4F0B-974B-ED043D6DB849}.Release|Any CPU.ActiveCfg = Release|Any CPU
		{C37B0E7D-B41D-4F0B-974B-ED043D6DB849}.Release|Any CPU.Build.0 = Release|Any CPU
	EndGlobalSection
	GlobalSection(SolutionProperties) = preSolution
		HideSolutionNode = FALSE
	EndGlobalSection
	GlobalSection(ExtensibilityGlobals) = postSolution
		SolutionGuid = {F91158B9-1AD6-4693-B7B2-16AD5F7D5D22}
	EndGlobalSection
EndGlobal
